
Microsoft Visual Studio Solution File, Format Version 12.00
# Visual Studio Version 16
VisualStudioVersion = 16.0.30517.126
MinimumVisualStudioVersion = 10.0.40219.1
Project("{FAE04EC0-301F-11D3-BF4B-00C04F79EFBC}") = "WebAPI", "WebAPI\WebAPI.csproj", "{65CA6F7A-745D-4C9C-8B2D-1EC8B2ACCA01}"
EndProject
Global
	GlobalSection(SolutionConfigurationPlatforms) = preSolution
		Debug|Any CPU = Debug|Any CPU
		Release|Any CPU = Release|Any CPU
	EndGlobalSection
	GlobalSection(ProjectConfigurationPlatforms) = postSolution
		{65CA6F7A-745D-4C9C-8B2D-1EC8B2ACCA01}.Debug|Any CPU.ActiveCfg = Debug|Any CPU
		{65CA6F7A-745D-4C9C-8B2D-1EC8B2ACCA01}.Debug|Any CPU.Build.0 = Debug|Any CPU
		{65CA6F7A-745D-4C9C-8B2D-1EC8B2ACCA01}.Release|Any CPU.ActiveCfg = Release|Any CPU
		{65CA6F7A-745D-4C9C-8B2D-1EC8B2ACCA01}.Release|Any CPU.Build.0 = Release|Any CPU
	EndGlobalSection
	GlobalSection(SolutionProperties) = preSolution
		HideSolutionNode = FALSE
	EndGlobalSection
	GlobalSection(ExtensibilityGlobals) = postSolution
		SolutionGuid = {E4B2C0DE-0E41-47A7-A388-8229DD605DF1}
	EndGlobalSection
EndGlobal
